
Microsoft Visual Studio Solution File, Format Version 12.00
# Visual Studio Version 16
VisualStudioVersion = 16.0.31911.196
MinimumVisualStudioVersion = 10.0.40219.1
Project("{FAE04EC0-301F-11D3-BF4B-00C04F79EFBC}") = "RockFord.Web", "RockFord.Web.csproj", "{CF80DD80-755A-42D0-8396-BAAC3D968F0C}"
EndProject
Project("{FAE04EC0-301F-11D3-BF4B-00C04F79EFBC}") = "RockFord.Application", "..\RockFord.Application\RockFord.Application.csproj", "{A7504F70-48B1-460B-89F3-4C4C1605B691}"
EndProject
Project("{FAE04EC0-301F-11D3-BF4B-00C04F79EFBC}") = "RockFord.DataLayer", "..\RockFord.DataLayer\RockFord.DataLayer.csproj", "{3DF803F4-8892-4FF1-B27B-90298A212DB6}"
EndProject
Global
	GlobalSection(SolutionConfigurationPlatforms) = preSolution
		Debug|Any CPU = Debug|Any CPU
		Release|Any CPU = Release|Any CPU
	EndGlobalSection
	GlobalSection(ProjectConfigurationPlatforms) = postSolution
		{CF80DD80-755A-42D0-8396-BAAC3D968F0C}.Debug|Any CPU.ActiveCfg = Debug|Any CPU
		{CF80DD80-755A-42D0-8396-BAAC3D968F0C}.Debug|Any CPU.Build.0 = Debug|Any CPU
		{CF80DD80-755A-42D0-8396-BAAC3D968F0C}.Release|Any CPU.ActiveCfg = Release|Any CPU
		{CF80DD80-755A-42D0-8396-BAAC3D968F0C}.Release|Any CPU.Build.0 = Release|Any CPU
		{A7504F70-48B1-460B-89F3-4C4C1605B691}.Debug|Any CPU.ActiveCfg = Debug|Any CPU
		{A7504F70-48B1-460B-89F3-4C4C1605B691}.Debug|Any CPU.Build.0 = Debug|Any CPU
		{A7504F70-48B1-460B-89F3-4C4C1605B691}.Release|Any CPU.ActiveCfg = Release|Any CPU
		{A7504F70-48B1-460B-89F3-4C4C1605B691}.Release|Any CPU.Build.0 = Release|Any CPU
		{3DF803F4-8892-4FF1-B27B-90298A212DB6}.Debug|Any CPU.ActiveCfg = Debug|Any CPU
		{3DF803F4-8892-4FF1-B27B-90298A212DB6}.Debug|Any CPU.Build.0 = Debug|Any CPU
		{3DF803F4-8892-4FF1-B27B-90298A212DB6}.Release|Any CPU.ActiveCfg = Release|Any CPU
		{3DF803F4-8892-4FF1-B27B-90298A212DB6}.Release|Any CPU.Build.0 = Release|Any CPU
	EndGlobalSection
	GlobalSection(SolutionProperties) = preSolution
		HideSolutionNode = FALSE
	EndGlobalSection
	GlobalSection(ExtensibilityGlobals) = postSolution
		SolutionGuid = {80694E26-7497-458E-845B-0DD88040B0B1}
	EndGlobalSection
EndGlobal
